
Microsoft Visual Studio Solution File, Format Version 12.00
# Visual Studio Version 17
VisualStudioVersion = 17.5.002.0
MinimumVisualStudioVersion = 10.0.40219.1
Project("{2150E333-8FDC-42A3-9474-1A3956D46DE8}") = "src", "src", "{A712BEA6-AE37-433D-9C41-E482AB078747}"
EndProject
Project("{9A19103F-16F7-4668-BE54-9A1E7A4F7556}") = "SkyWriter.Console", "src\SkyWriter.Console\SkyWriter.Console.csproj", "{999BD508-8A55-4C0E-B61B-C93F9637AC6E}"
EndProject
Project("{9A19103F-16F7-4668-BE54-9A1E7A4F7556}") = "SkyWriter.Core", "src\SkyWriter.Core\SkyWriter.Core.csproj", "{9DD90B16-42E7-40B5-A8F6-CB2E65D4FCB7}"
EndProject
Global
	GlobalSection(SolutionConfigurationPlatforms) = preSolution
		Debug|Any CPU = Debug|Any CPU
		Release|Any CPU = Release|Any CPU
	EndGlobalSection
	GlobalSection(ProjectConfigurationPlatforms) = postSolution
		{999BD508-8A55-4C0E-B61B-C93F9637AC6E}.Debug|Any CPU.ActiveCfg = Debug|Any CPU
		{999BD508-8A55-4C0E-B61B-C93F9637AC6E}.Debug|Any CPU.Build.0 = Debug|Any CPU
		{999BD508-8A55-4C0E-B61B-C93F9637AC6E}.Release|Any CPU.ActiveCfg = Release|Any CPU
		{999BD508-8A55-4C0E-B61B-C93F9637AC6E}.Release|Any CPU.Build.0 = Release|Any CPU
		{9DD90B16-42E7-40B5-A8F6-CB2E65D4FCB7}.Debug|Any CPU.ActiveCfg = Debug|Any CPU
		{9DD90B16-42E7-40B5-A8F6-CB2E65D4FCB7}.Debug|Any CPU.Build.0 = Debug|Any CPU
		{9DD90B16-42E7-40B5-A8F6-CB2E65D4FCB7}.Release|Any CPU.ActiveCfg = Release|Any CPU
		{9DD90B16-42E7-40B5-A8F6-CB2E65D4FCB7}.Release|Any CPU.Build.0 = Release|Any CPU
	EndGlobalSection
	GlobalSection(SolutionProperties) = preSolution
		HideSolutionNode = FALSE
	EndGlobalSection
	GlobalSection(NestedProjects) = preSolution
		{999BD508-8A55-4C0E-B61B-C93F9637AC6E} = {A712BEA6-AE37-433D-9C41-E482AB078747}
		{9DD90B16-42E7-40B5-A8F6-CB2E65D4FCB7} = {A712BEA6-AE37-433D-9C41-E482AB078747}
	EndGlobalSection
	GlobalSection(ExtensibilityGlobals) = postSolution
		SolutionGuid = {29506B9E-84DE-4A38-9146-D7CC52183922}
	EndGlobalSection
EndGlobal
